// !$*UTF8*$!
{
	archiveVersion = 1;
	classes = {
	};
	objectVersion = 50;
	objects = {

/* Begin PBXBuildFile section */
		2CD32AB2216ED9C1004B28F6 /* AppDelegate.swift in Sources */ = {isa = PBXBuildFile; fileRef = 2CD32AB1216ED9C1004B28F6 /* AppDelegate.swift */; };
		2CD32AB7216ED9C1004B28F6 /* Main.storyboard in Resources */ = {isa = PBXBuildFile; fileRef = 2CD32AB5216ED9C1004B28F6 /* Main.storyboard */; };
		2CD32ABC216ED9C3004B28F6 /* Assets.xcassets in Resources */ = {isa = PBXBuildFile; fileRef = 2CD32ABB216ED9C3004B28F6 /* Assets.xcassets */; };
		2CD32ABF216ED9C3004B28F6 /* LaunchScreen.storyboard in Resources */ = {isa = PBXBuildFile; fileRef = 2CD32ABD216ED9C3004B28F6 /* LaunchScreen.storyboard */; };
		2CD32ACB216EDB91004B28F6 /* BugListViewController.swift in Sources */ = {isa = PBXBuildFile; fileRef = 2CD32ACA216EDB91004B28F6 /* BugListViewController.swift */; };
		2CD32ACD216EDBAB004B28F6 /* BugDetailViewController.swift in Sources */ = {isa = PBXBuildFile; fileRef = 2CD32ACC216EDBAB004B28F6 /* BugDetailViewController.swift */; };
		2CD32ADF217010BB004B28F6 /* CoreDataStack.swift in Sources */ = {isa = PBXBuildFile; fileRef = 2CD32ADE217010BB004B28F6 /* CoreDataStack.swift */; };
		2CD32AE221701310004B28F6 /* Bug Log.xcdatamodeld in Sources */ = {isa = PBXBuildFile; fileRef = 2CD32AE021701310004B28F6 /* Bug Log.xcdatamodeld */; };
		2CD32AE4217014B0004B28F6 /* BugExtension.swift in Sources */ = {isa = PBXBuildFile; fileRef = 2CD32AE3217014B0004B28F6 /* BugExtension.swift */; };
		2CD32AE621701D24004B28F6 /* BugController.swift in Sources */ = {isa = PBXBuildFile; fileRef = 2CD32AE521701D24004B28F6 /* BugController.swift */; };
/* End PBXBuildFile section */

/* Begin PBXFileReference section */
		2CD32AAE216ED9C1004B28F6 /* Bug Log.app */ = {isa = PBXFileReference; explicitFileType = wrapper.application; includeInIndex = 0; path = "Bug Log.app"; sourceTree = BUILT_PRODUCTS_DIR; };
		2CD32AB1216ED9C1004B28F6 /* AppDelegate.swift */ = {isa = PBXFileReference; lastKnownFileType = sourcecode.swift; path = AppDelegate.swift; sourceTree = "<group>"; };
		2CD32AB6216ED9C1004B28F6 /* Base */ = {isa = PBXFileReference; lastKnownFileType = file.storyboard; name = Base; path = Base.lproj/Main.storyboard; sourceTree = "<group>"; };
		2CD32ABB216ED9C3004B28F6 /* Assets.xcassets */ = {isa = PBXFileReference; lastKnownFileType = folder.assetcatalog; path = Assets.xcassets; sourceTree = "<group>"; };
		2CD32ABE216ED9C3004B28F6 /* Base */ = {isa = PBXFileReference; lastKnownFileType = file.storyboard; name = Base; path = Base.lproj/LaunchScreen.storyboard; sourceTree = "<group>"; };
		2CD32AC0216ED9C3004B28F6 /* Info.plist */ = {isa = PBXFileReference; lastKnownFileType = text.plist.xml; path = Info.plist; sourceTree = "<group>"; };
		2CD32ACA216EDB91004B28F6 /* BugListViewController.swift */ = {isa = PBXFileReference; lastKnownFileType = sourcecode.swift; path = BugListViewController.swift; sourceTree = "<group>"; };
		2CD32ACC216EDBAB004B28F6 /* BugDetailViewController.swift */ = {isa = PBXFileReference; lastKnownFileType = sourcecode.swift; path = BugDetailViewController.swift; sourceTree = "<group>"; };
		2CD32ADE217010BB004B28F6 /* CoreDataStack.swift */ = {isa = PBXFileReference; fileEncoding = 4; lastKnownFileType = sourcecode.swift; path = CoreDataStack.swift; sourceTree = "<group>"; };
		2CD32AE121701310004B28F6 /* Bug-Log.xcdatamodel */ = {isa = PBXFileReference; lastKnownFileType = wrapper.xcdatamodel; path = "Bug-Log.xcdatamodel"; sourceTree = "<group>"; };
		2CD32AE3217014B0004B28F6 /* BugExtension.swift */ = {isa = PBXFileReference; lastKnownFileType = sourcecode.swift; path = BugExtension.swift; sourceTree = "<group>"; };
		2CD32AE521701D24004B28F6 /* BugController.swift */ = {isa = PBXFileReference; lastKnownFileType = sourcecode.swift; path = BugController.swift; sourceTree = "<group>"; };
/* End PBXFileReference section */

/* Begin PBXFrameworksBuildPhase section */
		2CD32AAB216ED9C1004B28F6 /* Frameworks */ = {
			isa = PBXFrameworksBuildPhase;
			buildActionMask = 2147483647;
			files = (
			);
			runOnlyForDeploymentPostprocessing = 0;
		};
/* End PBXFrameworksBuildPhase section */

/* Begin PBXGroup section */
		2CD32AA5216ED9C1004B28F6 = {
			isa = PBXGroup;
			children = (
				2CD32AB0216ED9C1004B28F6 /* Bug Log */,
				2CD32AAF216ED9C1004B28F6 /* Products */,
			);
			sourceTree = "<group>";
		};
		2CD32AAF216ED9C1004B28F6 /* Products */ = {
			isa = PBXGroup;
			children = (
				2CD32AAE216ED9C1004B28F6 /* Bug Log.app */,
			);
			name = Products;
			sourceTree = "<group>";
		};
		2CD32AB0216ED9C1004B28F6 /* Bug Log */ = {
			isa = PBXGroup;
			children = (
				2CD32AC8216EDA68004B28F6 /* View Controllers */,
				2CD32AC6216EDA52004B28F6 /* IB */,
				2CD32AE721701D29004B28F6 /* Controllers */,
				2CD32AC9216EDA79004B28F6 /* Models */,
				2CD32AC7216EDA5F004B28F6 /* Other */,
			);
			path = "Bug Log";
			sourceTree = "<group>";
		};
		2CD32AC6216EDA52004B28F6 /* IB */ = {
			isa = PBXGroup;
			children = (
				2CD32AB5216ED9C1004B28F6 /* Main.storyboard */,
				2CD32ABD216ED9C3004B28F6 /* LaunchScreen.storyboard */,
			);
			path = IB;
			sourceTree = "<group>";
		};
		2CD32AC7216EDA5F004B28F6 /* Other */ = {
			isa = PBXGroup;
			children = (
				2CD32AB1216ED9C1004B28F6 /* AppDelegate.swift */,
				2CD32ABB216ED9C3004B28F6 /* Assets.xcassets */,
				2CD32AC0216ED9C3004B28F6 /* Info.plist */,
			);
			path = Other;
			sourceTree = "<group>";
		};
		2CD32AC8216EDA68004B28F6 /* View Controllers */ = {
			isa = PBXGroup;
			children = (
				2CD32ACA216EDB91004B28F6 /* BugListViewController.swift */,
				2CD32ACC216EDBAB004B28F6 /* BugDetailViewController.swift */,
			);
			path = "View Controllers";
			sourceTree = "<group>";
		};
		2CD32AC9216EDA79004B28F6 /* Models */ = {
			isa = PBXGroup;
			children = (
				2CD32ADE217010BB004B28F6 /* CoreDataStack.swift */,
				2CD32AE021701310004B28F6 /* Bug Log.xcdatamodeld */,
				2CD32AE3217014B0004B28F6 /* BugExtension.swift */,
			);
			path = Models;
			sourceTree = "<group>";
		};
		2CD32AE721701D29004B28F6 /* Controllers */ = {
			isa = PBXGroup;
			children = (
				2CD32AE521701D24004B28F6 /* BugController.swift */,
			);
			path = Controllers;
			sourceTree = "<group>";
		};
/* End PBXGroup section */

/* Begin PBXNativeTarget section */
		2CD32AAD216ED9C1004B28F6 /* Bug Log */ = {
			isa = PBXNativeTarget;
			buildConfigurationList = 2CD32AC3216ED9C3004B28F6 /* Build configuration list for PBXNativeTarget "Bug Log" */;
			buildPhases = (
				2CD32AAA216ED9C1004B28F6 /* Sources */,
				2CD32AAB216ED9C1004B28F6 /* Frameworks */,
				2CD32AAC216ED9C1004B28F6 /* Resources */,
			);
			buildRules = (
			);
			dependencies = (
			);
			name = "Bug Log";
			productName = "Bug Log";
			productReference = 2CD32AAE216ED9C1004B28F6 /* Bug Log.app */;
			productType = "com.apple.product-type.application";
		};
/* End PBXNativeTarget section */

/* Begin PBXProject section */
		2CD32AA6216ED9C1004B28F6 /* Project object */ = {
			isa = PBXProject;
			attributes = {
				LastSwiftUpdateCheck = 1000;
				LastUpgradeCheck = 1000;
				ORGANIZATIONNAME = "Nathan Falcone Development";
				TargetAttributes = {
					2CD32AAD216ED9C1004B28F6 = {
						CreatedOnToolsVersion = 10.0;
					};
				};
			};
			buildConfigurationList = 2CD32AA9216ED9C1004B28F6 /* Build configuration list for PBXProject "Bug Log" */;
			compatibilityVersion = "Xcode 9.3";
			developmentRegion = en;
			hasScannedForEncodings = 0;
			knownRegions = (
				en,
				Base,
			);
			mainGroup = 2CD32AA5216ED9C1004B28F6;
			productRefGroup = 2CD32AAF216ED9C1004B28F6 /* Products */;
			projectDirPath = "";
			projectRoot = "";
			targets = (
				2CD32AAD216ED9C1004B28F6 /* Bug Log */,
			);
		};
/* End PBXProject section */

/* Begin PBXResourcesBuildPhase section */
		2CD32AAC216ED9C1004B28F6 /* Resources */ = {
			isa = PBXResourcesBuildPhase;
			buildActionMask = 2147483647;
			files = (
				2CD32ABF216ED9C3004B28F6 /* LaunchScreen.storyboard in Resources */,
				2CD32ABC216ED9C3004B28F6 /* Assets.xcassets in Resources */,
				2CD32AB7216ED9C1004B28F6 /* Main.storyboard in Resources */,
			);
			runOnlyForDeploymentPostprocessing = 0;
		};
/* End PBXResourcesBuildPhase section */

/* Begin PBXSourcesBuildPhase section */
		2CD32AAA216ED9C1004B28F6 /* Sources */ = {
			isa = PBXSourcesBuildPhase;
			buildActionMask = 2147483647;
			files = (
				2CD32AE4217014B0004B28F6 /* BugExtension.swift in Sources */,
				2CD32AE221701310004B28F6 /* Bug Log.xcdatamodeld in Sources */,
				2CD32ACD216EDBAB004B28F6 /* BugDetailViewController.swift in Sources */,
				2CD32AB2216ED9C1004B28F6 /* AppDelegate.swift in Sources */,
				2CD32ACB216EDB91004B28F6 /* BugListViewController.swift in Sources */,
				2CD32AE621701D24004B28F6 /* BugController.swift in Sources */,
				2CD32ADF217010BB004B28F6 /* CoreDataStack.swift in Sources */,
			);
			runOnlyForDeploymentPostprocessing = 0;
		};
/* End PBXSourcesBuildPhase section */

/* Begin PBXVariantGroup section */
		2CD32AB5216ED9C1004B28F6 /* Main.storyboard */ = {
			isa = PBXVariantGroup;
			children = (
				2CD32AB6216ED9C1004B28F6 /* Base */,
			);
			name = Main.storyboard;
			sourceTree = "<group>";
		};
		2CD32ABD216ED9C3004B28F6 /* LaunchScreen.storyboard */ = {
			isa = PBXVariantGroup;
			children = (
				2CD32ABE216ED9C3004B28F6 /* Base */,
			);
			name = LaunchScreen.storyboard;
			sourceTree = "<group>";
		};
/* End PBXVariantGroup section */

/* Begin XCBuildConfiguration section */
		2CD32AC1216ED9C3004B28F6 /* Debug */ = {
			isa = XCBuildConfiguration;
			buildSettings = {
				ALWAYS_SEARCH_USER_PATHS = NO;
				CLANG_ANALYZER_NONNULL = YES;
				CLANG_ANALYZER_NUMBER_OBJECT_CONVERSION = YES_AGGRESSIVE;
				CLANG_CXX_LANGUAGE_STANDARD = "gnu++14";
				CLANG_CXX_LIBRARY = "libc++";
				CLANG_ENABLE_MODULES = YES;
				CLANG_ENABLE_OBJC_ARC = YES;
				CLANG_ENABLE_OBJC_WEAK = YES;
				CLANG_WARN_BLOCK_CAPTURE_AUTORELEASING = YES;
				CLANG_WARN_BOOL_CONVERSION = YES;
				CLANG_WARN_COMMA = YES;
				CLANG_WARN_CONSTANT_CONVERSION = YES;
				CLANG_WARN_DEPRECATED_OBJC_IMPLEMENTATIONS = YES;
				CLANG_WARN_DIRECT_OBJC_ISA_USAGE = YES_ERROR;
				CLANG_WARN_DOCUMENTATION_COMMENTS = YES;
				CLANG_WARN_EMPTY_BODY = YES;
				CLANG_WARN_ENUM_CONVERSION = YES;
				CLANG_WARN_INFINITE_RECURSION = YES;
				CLANG_WARN_INT_CONVERSION = YES;
				CLANG_WARN_NON_LITERAL_NULL_CONVERSION = YES;
				CLANG_WARN_OBJC_IMPLICIT_RETAIN_SELF = YES;
				CLANG_WARN_OBJC_LITERAL_CONVERSION = YES;
				CLANG_WARN_OBJC_ROOT_CLASS = YES_ERROR;
				CLANG_WARN_RANGE_LOOP_ANALYSIS = YES;
				CLANG_WARN_STRICT_PROTOTYPES = YES;
				CLANG_WARN_SUSPICIOUS_MOVE = YES;
				CLANG_WARN_UNGUARDED_AVAILABILITY = YES_AGGRESSIVE;
				CLANG_WARN_UNREACHABLE_CODE = YES;
				CLANG_WARN__DUPLICATE_METHOD_MATCH = YES;
				CODE_SIGN_IDENTITY = "iPhone Developer";
				COPY_PHASE_STRIP = NO;
				DEBUG_INFORMATION_FORMAT = dwarf;
				ENABLE_STRICT_OBJC_MSGSEND = YES;
				ENABLE_TESTABILITY = YES;
				GCC_C_LANGUAGE_STANDARD = gnu11;
				GCC_DYNAMIC_NO_PIC = NO;
				GCC_NO_COMMON_BLOCKS = YES;
				GCC_OPTIMIZATION_LEVEL = 0;
				GCC_PREPROCESSOR_DEFINITIONS = (
					"DEBUG=1",
					"$(inherited)",
				);
				GCC_WARN_64_TO_32_BIT_CONVERSION = YES;
				GCC_WARN_ABOUT_RETURN_TYPE = YES_ERROR;
				GCC_WARN_UNDECLARED_SELECTOR = YES;
				GCC_WARN_UNINITIALIZED_AUTOS = YES_AGGRESSIVE;
				GCC_WARN_UNUSED_FUNCTION = YES;
				GCC_WARN_UNUSED_VARIABLE = YES;
				IPHONEOS_DEPLOYMENT_TARGET = 12.0;
				MTL_ENABLE_DEBUG_INFO = INCLUDE_SOURCE;
				MTL_FAST_MATH = YES;
				ONLY_ACTIVE_ARCH = YES;
				SDKROOT = iphoneos;
				SWIFT_ACTIVE_COMPILATION_CONDITIONS = DEBUG;
				SWIFT_OPTIMIZATION_LEVEL = "-Onone";
			};
			name = Debug;
		};
		2CD32AC2216ED9C3004B28F6 /* Release */ = {
			isa = XCBuildConfiguration;
			buildSettings = {
				ALWAYS_SEARCH_USER_PATHS = NO;
				CLANG_ANALYZER_NONNULL = YES;
				CLANG_ANALYZER_NUMBER_OBJECT_CONVERSION = YES_AGGRESSIVE;
				CLANG_CXX_LANGUAGE_STANDARD = "gnu++14";
				CLANG_CXX_LIBRARY = "libc++";
				CLANG_ENABLE_MODULES = YES;
				CLANG_ENABLE_OBJC_ARC = YES;
				CLANG_ENABLE_OBJC_WEAK = YES;
				CLANG_WARN_BLOCK_CAPTURE_AUTORELEASING = YES;
				CLANG_WARN_BOOL_CONVERSION = YES;
				CLANG_WARN_COMMA = YES;
				CLANG_WARN_CONSTANT_CONVERSION = YES;
				CLANG_WARN_DEPRECATED_OBJC_IMPLEMENTATIONS = YES;
				CLANG_WARN_DIRECT_OBJC_ISA_USAGE = YES_ERROR;
				CLANG_WARN_DOCUMENTATION_COMMENTS = YES;
				CLANG_WARN_EMPTY_BODY = YES;
				CLANG_WARN_ENUM_CONVERSION = YES;
				CLANG_WARN_INFINITE_RECURSION = YES;
				CLANG_WARN_INT_CONVERSION = YES;
				CLANG_WARN_NON_LITERAL_NULL_CONVERSION = YES;
				CLANG_WARN_OBJC_IMPLICIT_RETAIN_SELF = YES;
				CLANG_WARN_OBJC_LITERAL_CONVERSION = YES;
				CLANG_WARN_OBJC_ROOT_CLASS = YES_ERROR;
				CLANG_WARN_RANGE_LOOP_ANALYSIS = YES;
				CLANG_WARN_STRICT_PROTOTYPES = YES;
				CLANG_WARN_SUSPICIOUS_MOVE = YES;
				CLANG_WARN_UNGUARDED_AVAILABILITY = YES_AGGRESSIVE;
				CLANG_WARN_UNREACHABLE_CODE = YES;
				CLANG_WARN__DUPLICATE_METHOD_MATCH = YES;
				CODE_SIGN_IDENTITY = "iPhone Developer";
				COPY_PHASE_STRIP = NO;
				DEBUG_INFORMATION_FORMAT = "dwarf-with-dsym";
				ENABLE_NS_ASSERTIONS = NO;
				ENABLE_STRICT_OBJC_MSGSEND = YES;
				GCC_C_LANGUAGE_STANDARD = gnu11;
				GCC_NO_COMMON_BLOCKS = YES;
				GCC_WARN_64_TO_32_BIT_CONVERSION = YES;
				GCC_WARN_ABOUT_RETURN_TYPE = YES_ERROR;
				GCC_WARN_UNDECLARED_SELECTOR = YES;
				GCC_WARN_UNINITIALIZED_AUTOS = YES_AGGRESSIVE;
				GCC_WARN_UNUSED_FUNCTION = YES;
				GCC_WARN_UNUSED_VARIABLE = YES;
				IPHONEOS_DEPLOYMENT_TARGET = 12.0;
				MTL_ENABLE_DEBUG_INFO = NO;
				MTL_FAST_MATH = YES;
				SDKROOT = iphoneos;
				SWIFT_COMPILATION_MODE = wholemodule;
				SWIFT_OPTIMIZATION_LEVEL = "-O";
				VALIDATE_PRODUCT = YES;
			};
			name = Release;
		};
		2CD32AC4216ED9C3004B28F6 /* Debug */ = {
			isa = XCBuildConfiguration;
			buildSettings = {
				ASSETCATALOG_COMPILER_APPICON_NAME = AppIcon;
				CODE_SIGN_STYLE = Automatic;
				DEVELOPMENT_TEAM = ERYZJ7RQDH;
				INFOPLIST_FILE = "Bug Log/Other/Info.plist";
				LD_RUNPATH_SEARCH_PATHS = (
					"$(inherited)",
					"@executable_path/Frameworks",
				);
				PRODUCT_BUNDLE_IDENTIFIER = "com.nathan-falcone-development.Bug-Log";
				PRODUCT_NAME = "$(TARGET_NAME)";
				SWIFT_VERSION = 4.2;
				TARGETED_DEVICE_FAMILY = "1,2";
			};
			name = Debug;
		};
		2CD32AC5216ED9C3004B28F6 /* Release */ = {
			isa = XCBuildConfiguration;
			buildSettings = {
				ASSETCATALOG_COMPILER_APPICON_NAME = AppIcon;
				CODE_SIGN_STYLE = Automatic;
				DEVELOPMENT_TEAM = ERYZJ7RQDH;
				INFOPLIST_FILE = "Bug Log/Other/Info.plist";
				LD_RUNPATH_SEARCH_PATHS = (
					"$(inherited)",
					"@executable_path/Frameworks",
				);
				PRODUCT_BUNDLE_IDENTIFIER = "com.nathan-falcone-development.Bug-Log";
				PRODUCT_NAME = "$(TARGET_NAME)";
				SWIFT_VERSION = 4.2;
				TARGETED_DEVICE_FAMILY = "1,2";
			};
			name = Release;
		};
/* End XCBuildConfiguration section */

/* Begin XCConfigurationList section */
		2CD32AA9216ED9C1004B28F6 /* Build configuration list for PBXProject "Bug Log" */ = {
			isa = XCConfigurationList;
			buildConfigurations = (
				2CD32AC1216ED9C3004B28F6 /* Debug */,
				2CD32AC2216ED9C3004B28F6 /* Release */,
			);
			defaultConfigurationIsVisible = 0;
			defaultConfigurationName = Release;
		};
		2CD32AC3216ED9C3004B28F6 /* Build configuration list for PBXNativeTarget "Bug Log" */ = {
			isa = XCConfigurationList;
			buildConfigurations = (
				2CD32AC4216ED9C3004B28F6 /* Debug */,
				2CD32AC5216ED9C3004B28F6 /* Release */,
			);
			defaultConfigurationIsVisible = 0;
			defaultConfigurationName = Release;
		};
/* End XCConfigurationList section */

/* Begin XCVersionGroup section */
		2CD32AE021701310004B28F6 /* Bug Log.xcdatamodeld */ = {
			isa = XCVersionGroup;
			children = (
				2CD32AE121701310004B28F6 /* Bug-Log.xcdatamodel */,
			);
			currentVersion = 2CD32AE121701310004B28F6 /* Bug-Log.xcdatamodel */;
			path = "Bug Log.xcdatamodeld";
			sourceTree = "<group>";
			versionGroupType = wrapper.xcdatamodel;
		};
/* End XCVersionGroup section */
	};
	rootObject = 2CD32AA6216ED9C1004B28F6 /* Project object */;
}
